
Microsoft Visual Studio Solution File, Format Version 12.00
# Visual Studio Version 16
VisualStudioVersion = 16.0.30011.22
MinimumVisualStudioVersion = 10.0.40219.1
Project("{F184B08F-C81C-45F6-A57F-5ABD9991F28F}") = "coin", "coin.vbproj", "{FF30CBF9-CBC2-45D7-AE6B-4B89F08E93E0}"
EndProject
Global
	GlobalSection(SolutionConfigurationPlatforms) = preSolution
		Debug|Any CPU = Debug|Any CPU
		Release|Any CPU = Release|Any CPU
	EndGlobalSection
	GlobalSection(ProjectConfigurationPlatforms) = postSolution
		{FF30CBF9-CBC2-45D7-AE6B-4B89F08E93E0}.Debug|Any CPU.ActiveCfg = Debug|Any CPU
		{FF30CBF9-CBC2-45D7-AE6B-4B89F08E93E0}.Debug|Any CPU.Build.0 = Debug|Any CPU
		{FF30CBF9-CBC2-45D7-AE6B-4B89F08E93E0}.Release|Any CPU.ActiveCfg = Release|Any CPU
		{FF30CBF9-CBC2-45D7-AE6B-4B89F08E93E0}.Release|Any CPU.Build.0 = Release|Any CPU
	EndGlobalSection
	GlobalSection(SolutionProperties) = preSolution
		HideSolutionNode = FALSE
	EndGlobalSection
	GlobalSection(ExtensibilityGlobals) = postSolution
		SolutionGuid = {D558B4A8-1421-424B-A6D4-E1773515741A}
	EndGlobalSection
EndGlobal
